
Microsoft Visual Studio Solution File, Format Version 12.00
# Visual Studio for Mac
Project("{FAE04EC0-301F-11D3-BF4B-00C04F79EFBC}") = "Assembly-CSharp", "Assembly-CSharp.csproj", "{BD89204F-BFF5-7140-805C-49F79BFB2302}"
EndProject
Global
	GlobalSection(SolutionConfigurationPlatforms) = preSolution
		Debug|Any CPU = Debug|Any CPU
		Release|Any CPU = Release|Any CPU
	EndGlobalSection
	GlobalSection(ProjectConfigurationPlatforms) = postSolution
		{BD89204F-BFF5-7140-805C-49F79BFB2302}.Debug|Any CPU.ActiveCfg = Debug|Any CPU
		{BD89204F-BFF5-7140-805C-49F79BFB2302}.Debug|Any CPU.Build.0 = Debug|Any CPU
		{BD89204F-BFF5-7140-805C-49F79BFB2302}.Release|Any CPU.ActiveCfg = Release|Any CPU
		{BD89204F-BFF5-7140-805C-49F79BFB2302}.Release|Any CPU.Build.0 = Release|Any CPU
	EndGlobalSection
	GlobalSection(SolutionProperties) = preSolution
		HideSolutionNode = FALSE
	EndGlobalSection
EndGlobal
